
Microsoft Visual Studio Solution File, Format Version 12.00
# Visual Studio 15
VisualStudioVersion = 15.0.26730.16
MinimumVisualStudioVersion = 10.0.40219.1
Project("{2150E333-8FDC-42A3-9474-1A3956D46DE8}") = "03 - DataSideAdapter", "03 - DataSideAdapter", "{62E7D716-8F54-4AA1-AB56-B6E997B87281}"
EndProject
Project("{2150E333-8FDC-42A3-9474-1A3956D46DE8}") = "02 - Application", "02 - Application", "{603BAE3B-65C5-43D2-AD17-27F94E2D80EA}"
EndProject
Project("{2150E333-8FDC-42A3-9474-1A3956D46DE8}") = "01 - UserSideAdapter", "01 - UserSideAdapter", "{BD562091-6114-403B-BB7D-6CF4A3D3E7EE}"
EndProject
Project("{FAE04EC0-301F-11D3-BF4B-00C04F79EFBC}") = "Ircstylechat.Web", "01 - UserSideAdapter\ircstylechat\Ircstylechat.Web.csproj", "{23F76C21-7D66-4D41-8506-75AD64BF658D}"
EndProject
Project("{9A19103F-16F7-4668-BE54-9A1E7A4F7556}") = "Domain", "02 - Application\Domain\Domain.csproj", "{4CA3AD20-B1A4-4B9A-A53D-6B32DEBC6312}"
EndProject
Project("{FAE04EC0-301F-11D3-BF4B-00C04F79EFBC}") = "MsSqlStorage", "03 - DataSideAdapter\MsSqlStorage\MsSqlStorage.csproj", "{86088635-C1FD-4B1E-AF85-1314A4A88820}"
EndProject
Project("{FAE04EC0-301F-11D3-BF4B-00C04F79EFBC}") = "UseCases", "UsseCases\UseCases.csproj", "{81348761-9CEE-4959-921F-92A3DC99F42E}"
EndProject
Global
	GlobalSection(SolutionConfigurationPlatforms) = preSolution
		Debug|Any CPU = Debug|Any CPU
		Release|Any CPU = Release|Any CPU
	EndGlobalSection
	GlobalSection(ProjectConfigurationPlatforms) = postSolution
		{23F76C21-7D66-4D41-8506-75AD64BF658D}.Debug|Any CPU.ActiveCfg = Debug|Any CPU
		{23F76C21-7D66-4D41-8506-75AD64BF658D}.Debug|Any CPU.Build.0 = Debug|Any CPU
		{23F76C21-7D66-4D41-8506-75AD64BF658D}.Release|Any CPU.ActiveCfg = Release|Any CPU
		{23F76C21-7D66-4D41-8506-75AD64BF658D}.Release|Any CPU.Build.0 = Release|Any CPU
		{4CA3AD20-B1A4-4B9A-A53D-6B32DEBC6312}.Debug|Any CPU.ActiveCfg = Debug|Any CPU
		{4CA3AD20-B1A4-4B9A-A53D-6B32DEBC6312}.Debug|Any CPU.Build.0 = Debug|Any CPU
		{4CA3AD20-B1A4-4B9A-A53D-6B32DEBC6312}.Release|Any CPU.ActiveCfg = Release|Any CPU
		{4CA3AD20-B1A4-4B9A-A53D-6B32DEBC6312}.Release|Any CPU.Build.0 = Release|Any CPU
		{86088635-C1FD-4B1E-AF85-1314A4A88820}.Debug|Any CPU.ActiveCfg = Debug|Any CPU
		{86088635-C1FD-4B1E-AF85-1314A4A88820}.Debug|Any CPU.Build.0 = Debug|Any CPU
		{86088635-C1FD-4B1E-AF85-1314A4A88820}.Release|Any CPU.ActiveCfg = Release|Any CPU
		{86088635-C1FD-4B1E-AF85-1314A4A88820}.Release|Any CPU.Build.0 = Release|Any CPU
		{81348761-9CEE-4959-921F-92A3DC99F42E}.Debug|Any CPU.ActiveCfg = Debug|Any CPU
		{81348761-9CEE-4959-921F-92A3DC99F42E}.Debug|Any CPU.Build.0 = Debug|Any CPU
		{81348761-9CEE-4959-921F-92A3DC99F42E}.Release|Any CPU.ActiveCfg = Release|Any CPU
		{81348761-9CEE-4959-921F-92A3DC99F42E}.Release|Any CPU.Build.0 = Release|Any CPU
	EndGlobalSection
	GlobalSection(SolutionProperties) = preSolution
		HideSolutionNode = FALSE
	EndGlobalSection
	GlobalSection(NestedProjects) = preSolution
		{23F76C21-7D66-4D41-8506-75AD64BF658D} = {BD562091-6114-403B-BB7D-6CF4A3D3E7EE}
		{4CA3AD20-B1A4-4B9A-A53D-6B32DEBC6312} = {603BAE3B-65C5-43D2-AD17-27F94E2D80EA}
		{86088635-C1FD-4B1E-AF85-1314A4A88820} = {62E7D716-8F54-4AA1-AB56-B6E997B87281}
		{81348761-9CEE-4959-921F-92A3DC99F42E} = {603BAE3B-65C5-43D2-AD17-27F94E2D80EA}
	EndGlobalSection
	GlobalSection(ExtensibilityGlobals) = postSolution
		SolutionGuid = {265952A9-507D-4BA0-8ACB-C2ED257FBF44}
	EndGlobalSection
EndGlobal
